
Microsoft Visual Studio Solution File, Format Version 12.00
# Visual Studio Version 17
VisualStudioVersion = 17.1.32210.238
MinimumVisualStudioVersion = 10.0.40219.1
Project("{FAE04EC0-301F-11D3-BF4B-00C04F79EFBC}") = "Semana4.Ex02", "src\Semana4.Ex02\Semana4.Ex02.csproj", "{7CADBF5A-E13C-4410-9AA6-6B650E4F66DC}"
EndProject
Project("{FAE04EC0-301F-11D3-BF4B-00C04F79EFBC}") = "Semana4.Ex01", "src\Semana4.Ex01\Semana4.Ex01.csproj", "{376D6CC1-F9F8-447C-86B9-98B951DD9E3D}"
EndProject
Global
	GlobalSection(SolutionConfigurationPlatforms) = preSolution
		Debug|Any CPU = Debug|Any CPU
		Release|Any CPU = Release|Any CPU
	EndGlobalSection
	GlobalSection(ProjectConfigurationPlatforms) = postSolution
		{7CADBF5A-E13C-4410-9AA6-6B650E4F66DC}.Debug|Any CPU.ActiveCfg = Debug|Any CPU
		{7CADBF5A-E13C-4410-9AA6-6B650E4F66DC}.Debug|Any CPU.Build.0 = Debug|Any CPU
		{7CADBF5A-E13C-4410-9AA6-6B650E4F66DC}.Release|Any CPU.ActiveCfg = Release|Any CPU
		{7CADBF5A-E13C-4410-9AA6-6B650E4F66DC}.Release|Any CPU.Build.0 = Release|Any CPU
		{376D6CC1-F9F8-447C-86B9-98B951DD9E3D}.Debug|Any CPU.ActiveCfg = Debug|Any CPU
		{376D6CC1-F9F8-447C-86B9-98B951DD9E3D}.Debug|Any CPU.Build.0 = Debug|Any CPU
		{376D6CC1-F9F8-447C-86B9-98B951DD9E3D}.Release|Any CPU.ActiveCfg = Release|Any CPU
		{376D6CC1-F9F8-447C-86B9-98B951DD9E3D}.Release|Any CPU.Build.0 = Release|Any CPU
	EndGlobalSection
	GlobalSection(SolutionProperties) = preSolution
		HideSolutionNode = FALSE
	EndGlobalSection
	GlobalSection(ExtensibilityGlobals) = postSolution
		SolutionGuid = {14089C98-2965-49E2-B903-C1652E6B7595}
	EndGlobalSection
EndGlobal
